
Microsoft Visual Studio Solution File, Format Version 12.00
# Visual Studio Version 16
VisualStudioVersion = 16.0.31729.503
MinimumVisualStudioVersion = 10.0.40219.1
Project("{FAE04EC0-301F-11D3-BF4B-00C04F79EFBC}") = "Lab1", "Lab1\Lab1.csproj", "{71A4C930-5053-4FA1-A15C-06C2F5CE4FF2}"
EndProject
Global
	GlobalSection(SolutionConfigurationPlatforms) = preSolution
		Debug|Any CPU = Debug|Any CPU
		Release|Any CPU = Release|Any CPU
	EndGlobalSection
	GlobalSection(ProjectConfigurationPlatforms) = postSolution
		{71A4C930-5053-4FA1-A15C-06C2F5CE4FF2}.Debug|Any CPU.ActiveCfg = Debug|Any CPU
		{71A4C930-5053-4FA1-A15C-06C2F5CE4FF2}.Debug|Any CPU.Build.0 = Debug|Any CPU
		{71A4C930-5053-4FA1-A15C-06C2F5CE4FF2}.Release|Any CPU.ActiveCfg = Release|Any CPU
		{71A4C930-5053-4FA1-A15C-06C2F5CE4FF2}.Release|Any CPU.Build.0 = Release|Any CPU
	EndGlobalSection
	GlobalSection(SolutionProperties) = preSolution
		HideSolutionNode = FALSE
	EndGlobalSection
	GlobalSection(ExtensibilityGlobals) = postSolution
		SolutionGuid = {7450F079-E6D8-46D9-8861-D81FDA44C786}
	EndGlobalSection
EndGlobal
